// !$*UTF8*$!
{
	archiveVersion = 1;
	classes = {
	};
	objectVersion = 46;
	objects = {

/* Begin PBXBuildFile section */
		3D74C98B278360BF0099C24B /* SampleController.swift in Sources */ = {isa = PBXBuildFile; fileRef = 3D74C98A278360BF0099C24B /* SampleController.swift */; };
		3D74C98D278361970099C24B /* SampleState.swift in Sources */ = {isa = PBXBuildFile; fileRef = 3D74C98C278361970099C24B /* SampleState.swift */; };
		3D74C98F2784B9840099C24B /* SampleThunk.swift in Sources */ = {isa = PBXBuildFile; fileRef = 3D74C98E2784B9840099C24B /* SampleThunk.swift */; };
		3D74C9912784BA150099C24B /* SampleView.swift in Sources */ = {isa = PBXBuildFile; fileRef = 3D74C9902784BA150099C24B /* SampleView.swift */; };
		3D74C9942785A94B0099C24B /* SampleButtons.swift in Sources */ = {isa = PBXBuildFile; fileRef = 3D74C9932785A94B0099C24B /* SampleButtons.swift */; };
		3D74C9962785AA820099C24B /* SampleTexts.swift in Sources */ = {isa = PBXBuildFile; fileRef = 3D74C9952785AA820099C24B /* SampleTexts.swift */; };
		3D74C9B9278753750099C24B /* SampleNavigation.swift in Sources */ = {isa = PBXBuildFile; fileRef = 3D74C9B8278753750099C24B /* SampleNavigation.swift */; };
		A3F5E0FE26BCB59B000BF21B /* AppDelegate.swift in Sources */ = {isa = PBXBuildFile; fileRef = A3F5E0FD26BCB59B000BF21B /* AppDelegate.swift */; };
		A3F5E10026BCB59B000BF21B /* SceneDelegate.swift in Sources */ = {isa = PBXBuildFile; fileRef = A3F5E0FF26BCB59B000BF21B /* SceneDelegate.swift */; };
		A3F5E10226BCB59B000BF21B /* ViewController.swift in Sources */ = {isa = PBXBuildFile; fileRef = A3F5E10126BCB59B000BF21B /* ViewController.swift */; };
		A3F5E10826BCB59B000BF21B /* ReNodeSample.xcdatamodeld in Sources */ = {isa = PBXBuildFile; fileRef = A3F5E10626BCB59B000BF21B /* ReNodeSample.xcdatamodeld */; };
		A3F5E10A26BCB59C000BF21B /* Assets.xcassets in Resources */ = {isa = PBXBuildFile; fileRef = A3F5E10926BCB59C000BF21B /* Assets.xcassets */; };
		A3F5E10D26BCB59C000BF21B /* LaunchScreen.storyboard in Resources */ = {isa = PBXBuildFile; fileRef = A3F5E10B26BCB59C000BF21B /* LaunchScreen.storyboard */; };
		E1B0A3EB286CCA4F47938265 /* Pods_ReNodeSample.framework in Frameworks */ = {isa = PBXBuildFile; fileRef = 27B59BDDD84AC51A6B05709D /* Pods_ReNodeSample.framework */; };
/* End PBXBuildFile section */

/* Begin PBXFileReference section */
		27B59BDDD84AC51A6B05709D /* Pods_ReNodeSample.framework */ = {isa = PBXFileReference; explicitFileType = wrapper.framework; includeInIndex = 0; path = Pods_ReNodeSample.framework; sourceTree = BUILT_PRODUCTS_DIR; };
		2E6991214A0E436990660E78 /* ReNode.podspec */ = {isa = PBXFileReference; includeInIndex = 1; lastKnownFileType = text; name = ReNode.podspec; path = ../ReNode.podspec; sourceTree = "<group>"; xcLanguageSpecificationIdentifier = xcode.lang.ruby; };
		3D74C98A278360BF0099C24B /* SampleController.swift */ = {isa = PBXFileReference; lastKnownFileType = sourcecode.swift; path = SampleController.swift; sourceTree = "<group>"; };
		3D74C98C278361970099C24B /* SampleState.swift */ = {isa = PBXFileReference; lastKnownFileType = sourcecode.swift; path = SampleState.swift; sourceTree = "<group>"; };
		3D74C98E2784B9840099C24B /* SampleThunk.swift */ = {isa = PBXFileReference; lastKnownFileType = sourcecode.swift; path = SampleThunk.swift; sourceTree = "<group>"; };
		3D74C9902784BA150099C24B /* SampleView.swift */ = {isa = PBXFileReference; lastKnownFileType = sourcecode.swift; path = SampleView.swift; sourceTree = "<group>"; };
		3D74C9932785A94B0099C24B /* SampleButtons.swift */ = {isa = PBXFileReference; lastKnownFileType = sourcecode.swift; path = SampleButtons.swift; sourceTree = "<group>"; };
		3D74C9952785AA820099C24B /* SampleTexts.swift */ = {isa = PBXFileReference; lastKnownFileType = sourcecode.swift; path = SampleTexts.swift; sourceTree = "<group>"; };
		3D74C9B8278753750099C24B /* SampleNavigation.swift */ = {isa = PBXFileReference; lastKnownFileType = sourcecode.swift; path = SampleNavigation.swift; sourceTree = "<group>"; };
		3FDB695CBD9943FEE301079D /* Pods-ReNode_Tests.debug.xcconfig */ = {isa = PBXFileReference; includeInIndex = 1; lastKnownFileType = text.xcconfig; name = "Pods-ReNode_Tests.debug.xcconfig"; path = "Target Support Files/Pods-ReNode_Tests/Pods-ReNode_Tests.debug.xcconfig"; sourceTree = "<group>"; };
		56D807F2E8B30720AA597C1D /* Pods-ReNodeSample.debug.xcconfig */ = {isa = PBXFileReference; includeInIndex = 1; lastKnownFileType = text.xcconfig; name = "Pods-ReNodeSample.debug.xcconfig"; path = "Target Support Files/Pods-ReNodeSample/Pods-ReNodeSample.debug.xcconfig"; sourceTree = "<group>"; };
		607FACEA1AFB9204008FA782 /* Info.plist */ = {isa = PBXFileReference; lastKnownFileType = text.plist.xml; path = Info.plist; sourceTree = "<group>"; };
		607FACEB1AFB9204008FA782 /* Tests.swift */ = {isa = PBXFileReference; lastKnownFileType = sourcecode.swift; path = Tests.swift; sourceTree = "<group>"; };
		7515456091E325E8069875CF /* Pods-ReNodeSample.release.xcconfig */ = {isa = PBXFileReference; includeInIndex = 1; lastKnownFileType = text.xcconfig; name = "Pods-ReNodeSample.release.xcconfig"; path = "Target Support Files/Pods-ReNodeSample/Pods-ReNodeSample.release.xcconfig"; sourceTree = "<group>"; };
		A39471DB26B36AE4002C2004 /* AsyncDisplayKit.framework */ = {isa = PBXFileReference; explicitFileType = wrapper.framework; path = AsyncDisplayKit.framework; sourceTree = BUILT_PRODUCTS_DIR; };
		A39471DD26B36AE4002C2004 /* PINCache.framework */ = {isa = PBXFileReference; explicitFileType = wrapper.framework; path = PINCache.framework; sourceTree = BUILT_PRODUCTS_DIR; };
		A39471DF26B36AE4002C2004 /* PINOperation.framework */ = {isa = PBXFileReference; explicitFileType = wrapper.framework; path = PINOperation.framework; sourceTree = BUILT_PRODUCTS_DIR; };
		A39471E126B36AE4002C2004 /* PINRemoteImage.framework */ = {isa = PBXFileReference; explicitFileType = wrapper.framework; path = PINRemoteImage.framework; sourceTree = BUILT_PRODUCTS_DIR; };
		A39471E326B36AE4002C2004 /* Pods_ReNode_Tests.framework */ = {isa = PBXFileReference; explicitFileType = wrapper.framework; path = Pods_ReNode_Tests.framework; sourceTree = BUILT_PRODUCTS_DIR; };
		A39471E526B36AE4002C2004 /* ReNode.framework */ = {isa = PBXFileReference; explicitFileType = wrapper.framework; path = ReNode.framework; sourceTree = BUILT_PRODUCTS_DIR; };
		A39471E726B36AE4002C2004 /* ReSwift.framework */ = {isa = PBXFileReference; explicitFileType = wrapper.framework; path = ReSwift.framework; sourceTree = BUILT_PRODUCTS_DIR; };
		A39471E926B36AE4002C2004 /* ReSwiftThunk.framework */ = {isa = PBXFileReference; explicitFileType = wrapper.framework; path = ReSwiftThunk.framework; sourceTree = BUILT_PRODUCTS_DIR; };
		A39471EB26B36AE4002C2004 /* RxCocoa.framework */ = {isa = PBXFileReference; explicitFileType = wrapper.framework; path = RxCocoa.framework; sourceTree = BUILT_PRODUCTS_DIR; };
		A39471ED26B36AE4002C2004 /* RxRelay.framework */ = {isa = PBXFileReference; explicitFileType = wrapper.framework; path = RxRelay.framework; sourceTree = BUILT_PRODUCTS_DIR; };
		A39471EF26B36AE4002C2004 /* RxSwift.framework */ = {isa = PBXFileReference; explicitFileType = wrapper.framework; path = RxSwift.framework; sourceTree = BUILT_PRODUCTS_DIR; };
		A3F5E0FB26BCB59B000BF21B /* ReNodeSample.app */ = {isa = PBXFileReference; explicitFileType = wrapper.application; includeInIndex = 0; path = ReNodeSample.app; sourceTree = BUILT_PRODUCTS_DIR; };
		A3F5E0FD26BCB59B000BF21B /* AppDelegate.swift */ = {isa = PBXFileReference; lastKnownFileType = sourcecode.swift; path = AppDelegate.swift; sourceTree = "<group>"; };
		A3F5E0FF26BCB59B000BF21B /* SceneDelegate.swift */ = {isa = PBXFileReference; lastKnownFileType = sourcecode.swift; path = SceneDelegate.swift; sourceTree = "<group>"; };
		A3F5E10126BCB59B000BF21B /* ViewController.swift */ = {isa = PBXFileReference; lastKnownFileType = sourcecode.swift; path = ViewController.swift; sourceTree = "<group>"; };
		A3F5E10726BCB59B000BF21B /* ReNodeSample.xcdatamodel */ = {isa = PBXFileReference; lastKnownFileType = wrapper.xcdatamodel; path = ReNodeSample.xcdatamodel; sourceTree = "<group>"; };
		A3F5E10926BCB59C000BF21B /* Assets.xcassets */ = {isa = PBXFileReference; lastKnownFileType = folder.assetcatalog; path = Assets.xcassets; sourceTree = "<group>"; };
		A3F5E10C26BCB59C000BF21B /* Base */ = {isa = PBXFileReference; lastKnownFileType = file.storyboard; name = Base; path = Base.lproj/LaunchScreen.storyboard; sourceTree = "<group>"; };
		A3F5E10E26BCB59C000BF21B /* Info.plist */ = {isa = PBXFileReference; lastKnownFileType = text.plist.xml; path = Info.plist; sourceTree = "<group>"; };
		AC2ADFAEEB5C79B42ACF5A79 /* LICENSE */ = {isa = PBXFileReference; includeInIndex = 1; lastKnownFileType = text; name = LICENSE; path = ../LICENSE; sourceTree = "<group>"; };
		B597667167352250A6CD45CB /* README.md */ = {isa = PBXFileReference; includeInIndex = 1; lastKnownFileType = net.daringfireball.markdown; name = README.md; path = ../README.md; sourceTree = "<group>"; };
		B828753D451670D68D62AA21 /* Pods_ReNode_Tests.framework */ = {isa = PBXFileReference; explicitFileType = wrapper.framework; includeInIndex = 0; path = Pods_ReNode_Tests.framework; sourceTree = BUILT_PRODUCTS_DIR; };
		BEC886300E451F5290C0FD51 /* Pods-ReNode_Tests.release.xcconfig */ = {isa = PBXFileReference; includeInIndex = 1; lastKnownFileType = text.xcconfig; name = "Pods-ReNode_Tests.release.xcconfig"; path = "Target Support Files/Pods-ReNode_Tests/Pods-ReNode_Tests.release.xcconfig"; sourceTree = "<group>"; };
/* End PBXFileReference section */

/* Begin PBXFrameworksBuildPhase section */
		A3F5E0F826BCB59B000BF21B /* Frameworks */ = {
			isa = PBXFrameworksBuildPhase;
			buildActionMask = 2147483647;
			files = (
				E1B0A3EB286CCA4F47938265 /* Pods_ReNodeSample.framework in Frameworks */,
			);
			runOnlyForDeploymentPostprocessing = 0;
		};
/* End PBXFrameworksBuildPhase section */

/* Begin PBXGroup section */
		3D74C9922785A93B0099C24B /* sampleviews */ = {
			isa = PBXGroup;
			children = (
				3D74C9932785A94B0099C24B /* SampleButtons.swift */,
				3D74C9952785AA820099C24B /* SampleTexts.swift */,
			);
			path = sampleviews;
			sourceTree = "<group>";
		};
		536570EA1743FC0BE508F6C3 /* Pods */ = {
			isa = PBXGroup;
			children = (
				3FDB695CBD9943FEE301079D /* Pods-ReNode_Tests.debug.xcconfig */,
				BEC886300E451F5290C0FD51 /* Pods-ReNode_Tests.release.xcconfig */,
				56D807F2E8B30720AA597C1D /* Pods-ReNodeSample.debug.xcconfig */,
				7515456091E325E8069875CF /* Pods-ReNodeSample.release.xcconfig */,
			);
			path = Pods;
			sourceTree = "<group>";
		};
		607FACC71AFB9204008FA782 = {
			isa = PBXGroup;
			children = (
				607FACF51AFB993E008FA782 /* Podspec Metadata */,
				607FACE81AFB9204008FA782 /* Tests */,
				A3F5E0FC26BCB59B000BF21B /* ReNodeSample */,
				607FACD11AFB9204008FA782 /* Products */,
				536570EA1743FC0BE508F6C3 /* Pods */,
				68691B3D5DB4ABB76002CDF9 /* Frameworks */,
			);
			sourceTree = "<group>";
		};
		607FACD11AFB9204008FA782 /* Products */ = {
			isa = PBXGroup;
			children = (
				A3F5E0FB26BCB59B000BF21B /* ReNodeSample.app */,
			);
			name = Products;
			sourceTree = "<group>";
		};
		607FACE81AFB9204008FA782 /* Tests */ = {
			isa = PBXGroup;
			children = (
				607FACEB1AFB9204008FA782 /* Tests.swift */,
				607FACE91AFB9204008FA782 /* Supporting Files */,
			);
			path = Tests;
			sourceTree = "<group>";
		};
		607FACE91AFB9204008FA782 /* Supporting Files */ = {
			isa = PBXGroup;
			children = (
				607FACEA1AFB9204008FA782 /* Info.plist */,
			);
			name = "Supporting Files";
			sourceTree = "<group>";
		};
		607FACF51AFB993E008FA782 /* Podspec Metadata */ = {
			isa = PBXGroup;
			children = (
				2E6991214A0E436990660E78 /* ReNode.podspec */,
				B597667167352250A6CD45CB /* README.md */,
				AC2ADFAEEB5C79B42ACF5A79 /* LICENSE */,
			);
			name = "Podspec Metadata";
			sourceTree = "<group>";
		};
		68691B3D5DB4ABB76002CDF9 /* Frameworks */ = {
			isa = PBXGroup;
			children = (
				A39471DB26B36AE4002C2004 /* AsyncDisplayKit.framework */,
				A39471DD26B36AE4002C2004 /* PINCache.framework */,
				A39471DF26B36AE4002C2004 /* PINOperation.framework */,
				A39471E126B36AE4002C2004 /* PINRemoteImage.framework */,
				A39471E326B36AE4002C2004 /* Pods_ReNode_Tests.framework */,
				A39471E526B36AE4002C2004 /* ReNode.framework */,
				A39471E726B36AE4002C2004 /* ReSwift.framework */,
				A39471E926B36AE4002C2004 /* ReSwiftThunk.framework */,
				A39471EB26B36AE4002C2004 /* RxCocoa.framework */,
				A39471ED26B36AE4002C2004 /* RxRelay.framework */,
				A39471EF26B36AE4002C2004 /* RxSwift.framework */,
				B828753D451670D68D62AA21 /* Pods_ReNode_Tests.framework */,
				27B59BDDD84AC51A6B05709D /* Pods_ReNodeSample.framework */,
			);
			name = Frameworks;
			sourceTree = "<group>";
		};
		A3F5E0FC26BCB59B000BF21B /* ReNodeSample */ = {
			isa = PBXGroup;
			children = (
				A3F5E0FD26BCB59B000BF21B /* AppDelegate.swift */,
				A3F5E0FF26BCB59B000BF21B /* SceneDelegate.swift */,
				A3F5E10126BCB59B000BF21B /* ViewController.swift */,
				A3F5E10926BCB59C000BF21B /* Assets.xcassets */,
				A3F5E10B26BCB59C000BF21B /* LaunchScreen.storyboard */,
				A3F5E10E26BCB59C000BF21B /* Info.plist */,
				A3F5E10626BCB59B000BF21B /* ReNodeSample.xcdatamodeld */,
				3D74C9B8278753750099C24B /* SampleNavigation.swift */,
				3D74C98A278360BF0099C24B /* SampleController.swift */,
				3D74C9902784BA150099C24B /* SampleView.swift */,
				3D74C9922785A93B0099C24B /* sampleviews */,
				3D74C98C278361970099C24B /* SampleState.swift */,
				3D74C98E2784B9840099C24B /* SampleThunk.swift */,
			);
			path = ReNodeSample;
			sourceTree = "<group>";
		};
/* End PBXGroup section */

/* Begin PBXNativeTarget section */
		A3F5E0FA26BCB59B000BF21B /* ReNodeSample */ = {
			isa = PBXNativeTarget;
			buildConfigurationList = A3F5E10F26BCB59C000BF21B /* Build configuration list for PBXNativeTarget "ReNodeSample" */;
			buildPhases = (
				89DD52751E64D237E9842284 /* [CP] Check Pods Manifest.lock */,
				A3F5E0F726BCB59B000BF21B /* Sources */,
				A3F5E0F826BCB59B000BF21B /* Frameworks */,
				A3F5E0F926BCB59B000BF21B /* Resources */,
				A173EDF974B7A54951AE0557 /* [CP] Embed Pods Frameworks */,
			);
			buildRules = (
			);
			dependencies = (
			);
			name = ReNodeSample;
			productName = ReNodeSample;
			productReference = A3F5E0FB26BCB59B000BF21B /* ReNodeSample.app */;
			productType = "com.apple.product-type.application";
		};
/* End PBXNativeTarget section */

/* Begin PBXProject section */
		607FACC81AFB9204008FA782 /* Project object */ = {
			isa = PBXProject;
			attributes = {
				LastSwiftUpdateCheck = 1250;
				LastUpgradeCheck = 1250;
				ORGANIZATIONNAME = CocoaPods;
				TargetAttributes = {
					A3F5E0FA26BCB59B000BF21B = {
						CreatedOnToolsVersion = 12.5.1;
						DevelopmentTeam = Z8X575A8A3;
						ProvisioningStyle = Automatic;
					};
				};
			};
			buildConfigurationList = 607FACCB1AFB9204008FA782 /* Build configuration list for PBXProject "ReNode" */;
			compatibilityVersion = "Xcode 3.2";
			developmentRegion = en;
			hasScannedForEncodings = 0;
			knownRegions = (
				en,
				Base,
			);
			mainGroup = 607FACC71AFB9204008FA782;
			productRefGroup = 607FACD11AFB9204008FA782 /* Products */;
			projectDirPath = "";
			projectRoot = "";
			targets = (
				A3F5E0FA26BCB59B000BF21B /* ReNodeSample */,
			);
		};
/* End PBXProject section */

/* Begin PBXResourcesBuildPhase section */
		A3F5E0F926BCB59B000BF21B /* Resources */ = {
			isa = PBXResourcesBuildPhase;
			buildActionMask = 2147483647;
			files = (
				A3F5E10D26BCB59C000BF21B /* LaunchScreen.storyboard in Resources */,
				A3F5E10A26BCB59C000BF21B /* Assets.xcassets in Resources */,
			);
			runOnlyForDeploymentPostprocessing = 0;
		};
/* End PBXResourcesBuildPhase section */

/* Begin PBXShellScriptBuildPhase section */
		89DD52751E64D237E9842284 /* [CP] Check Pods Manifest.lock */ = {
			isa = PBXShellScriptBuildPhase;
			buildActionMask = 2147483647;
			files = (
			);
			inputFileListPaths = (
			);
			inputPaths = (
				"${PODS_PODFILE_DIR_PATH}/Podfile.lock",
				"${PODS_ROOT}/Manifest.lock",
			);
			name = "[CP] Check Pods Manifest.lock";
			outputFileListPaths = (
			);
			outputPaths = (
				"$(DERIVED_FILE_DIR)/Pods-ReNodeSample-checkManifestLockResult.txt",
			);
			runOnlyForDeploymentPostprocessing = 0;
			shellPath = /bin/sh;
			shellScript = "diff \"${PODS_PODFILE_DIR_PATH}/Podfile.lock\" \"${PODS_ROOT}/Manifest.lock\" > /dev/null\nif [ $? != 0 ] ; then\n    # print error to STDERR\n    echo \"error: The sandbox is not in sync with the Podfile.lock. Run 'pod install' or update your CocoaPods installation.\" >&2\n    exit 1\nfi\n# This output is used by Xcode 'outputs' to avoid re-running this script phase.\necho \"SUCCESS\" > \"${SCRIPT_OUTPUT_FILE_0}\"\n";
			showEnvVarsInLog = 0;
		};
		A173EDF974B7A54951AE0557 /* [CP] Embed Pods Frameworks */ = {
			isa = PBXShellScriptBuildPhase;
			buildActionMask = 2147483647;
			files = (
			);
			inputPaths = (
				"${PODS_ROOT}/Target Support Files/Pods-ReNodeSample/Pods-ReNodeSample-frameworks.sh",
				"${BUILT_PRODUCTS_DIR}/PINCache/PINCache.framework",
				"${BUILT_PRODUCTS_DIR}/PINOperation/PINOperation.framework",
				"${BUILT_PRODUCTS_DIR}/PINRemoteImage/PINRemoteImage.framework",
				"${BUILT_PRODUCTS_DIR}/ReNode/ReNode.framework",
				"${BUILT_PRODUCTS_DIR}/ReSwift/ReSwift.framework",
				"${BUILT_PRODUCTS_DIR}/ReSwiftThunk/ReSwiftThunk.framework",
				"${BUILT_PRODUCTS_DIR}/RxCocoa/RxCocoa.framework",
				"${BUILT_PRODUCTS_DIR}/RxRelay/RxRelay.framework",
				"${BUILT_PRODUCTS_DIR}/RxSwift/RxSwift.framework",
				"${BUILT_PRODUCTS_DIR}/StorybookKit/StorybookKit.framework",
				"${BUILT_PRODUCTS_DIR}/Texture/AsyncDisplayKit.framework",
			);
			name = "[CP] Embed Pods Frameworks";
			outputPaths = (
				"${TARGET_BUILD_DIR}/${FRAMEWORKS_FOLDER_PATH}/PINCache.framework",
				"${TARGET_BUILD_DIR}/${FRAMEWORKS_FOLDER_PATH}/PINOperation.framework",
				"${TARGET_BUILD_DIR}/${FRAMEWORKS_FOLDER_PATH}/PINRemoteImage.framework",
				"${TARGET_BUILD_DIR}/${FRAMEWORKS_FOLDER_PATH}/ReNode.framework",
				"${TARGET_BUILD_DIR}/${FRAMEWORKS_FOLDER_PATH}/ReSwift.framework",
				"${TARGET_BUILD_DIR}/${FRAMEWORKS_FOLDER_PATH}/ReSwiftThunk.framework",
				"${TARGET_BUILD_DIR}/${FRAMEWORKS_FOLDER_PATH}/RxCocoa.framework",
				"${TARGET_BUILD_DIR}/${FRAMEWORKS_FOLDER_PATH}/RxRelay.framework",
				"${TARGET_BUILD_DIR}/${FRAMEWORKS_FOLDER_PATH}/RxSwift.framework",
				"${TARGET_BUILD_DIR}/${FRAMEWORKS_FOLDER_PATH}/StorybookKit.framework",
				"${TARGET_BUILD_DIR}/${FRAMEWORKS_FOLDER_PATH}/AsyncDisplayKit.framework",
			);
			runOnlyForDeploymentPostprocessing = 0;
			shellPath = /bin/sh;
			shellScript = "\"${PODS_ROOT}/Target Support Files/Pods-ReNodeSample/Pods-ReNodeSample-frameworks.sh\"\n";
			showEnvVarsInLog = 0;
		};
/* End PBXShellScriptBuildPhase section */

/* Begin PBXSourcesBuildPhase section */
		A3F5E0F726BCB59B000BF21B /* Sources */ = {
			isa = PBXSourcesBuildPhase;
			buildActionMask = 2147483647;
			files = (
				3D74C9B9278753750099C24B /* SampleNavigation.swift in Sources */,
				3D74C9912784BA150099C24B /* SampleView.swift in Sources */,
				A3F5E10826BCB59B000BF21B /* ReNodeSample.xcdatamodeld in Sources */,
				3D74C98D278361970099C24B /* SampleState.swift in Sources */,
				3D74C9942785A94B0099C24B /* SampleButtons.swift in Sources */,
				3D74C9962785AA820099C24B /* SampleTexts.swift in Sources */,
				3D74C98F2784B9840099C24B /* SampleThunk.swift in Sources */,
				A3F5E10226BCB59B000BF21B /* ViewController.swift in Sources */,
				A3F5E0FE26BCB59B000BF21B /* AppDelegate.swift in Sources */,
				A3F5E10026BCB59B000BF21B /* SceneDelegate.swift in Sources */,
				3D74C98B278360BF0099C24B /* SampleController.swift in Sources */,
			);
			runOnlyForDeploymentPostprocessing = 0;
		};
/* End PBXSourcesBuildPhase section */

/* Begin PBXVariantGroup section */
		A3F5E10B26BCB59C000BF21B /* LaunchScreen.storyboard */ = {
			isa = PBXVariantGroup;
			children = (
				A3F5E10C26BCB59C000BF21B /* Base */,
			);
			name = LaunchScreen.storyboard;
			sourceTree = "<group>";
		};
/* End PBXVariantGroup section */

/* Begin XCBuildConfiguration section */
		607FACED1AFB9204008FA782 /* Debug */ = {
			isa = XCBuildConfiguration;
			buildSettings = {
				ALWAYS_SEARCH_USER_PATHS = NO;
				CLANG_ANALYZER_LOCALIZABILITY_NONLOCALIZED = YES;
				CLANG_CXX_LANGUAGE_STANDARD = "gnu++0x";
				CLANG_CXX_LIBRARY = "libc++";
				CLANG_ENABLE_MODULES = YES;
				CLANG_ENABLE_OBJC_ARC = YES;
				CLANG_WARN_BLOCK_CAPTURE_AUTORELEASING = YES;
				CLANG_WARN_BOOL_CONVERSION = YES;
				CLANG_WARN_COMMA = YES;
				CLANG_WARN_CONSTANT_CONVERSION = YES;
				CLANG_WARN_DEPRECATED_OBJC_IMPLEMENTATIONS = YES;
				CLANG_WARN_DIRECT_OBJC_ISA_USAGE = YES_ERROR;
				CLANG_WARN_EMPTY_BODY = YES;
				CLANG_WARN_ENUM_CONVERSION = YES;
				CLANG_WARN_INFINITE_RECURSION = YES;
				CLANG_WARN_INT_CONVERSION = YES;
				CLANG_WARN_NON_LITERAL_NULL_CONVERSION = YES;
				CLANG_WARN_OBJC_IMPLICIT_RETAIN_SELF = YES;
				CLANG_WARN_OBJC_LITERAL_CONVERSION = YES;
				CLANG_WARN_OBJC_ROOT_CLASS = YES_ERROR;
				CLANG_WARN_QUOTED_INCLUDE_IN_FRAMEWORK_HEADER = YES;
				CLANG_WARN_RANGE_LOOP_ANALYSIS = YES;
				CLANG_WARN_STRICT_PROTOTYPES = YES;
				CLANG_WARN_SUSPICIOUS_MOVE = YES;
				CLANG_WARN_UNREACHABLE_CODE = YES;
				CLANG_WARN__DUPLICATE_METHOD_MATCH = YES;
				"CODE_SIGN_IDENTITY[sdk=iphoneos*]" = "iPhone Developer";
				COPY_PHASE_STRIP = NO;
				DEBUG_INFORMATION_FORMAT = "dwarf-with-dsym";
				ENABLE_STRICT_OBJC_MSGSEND = YES;
				ENABLE_TESTABILITY = YES;
				GCC_C_LANGUAGE_STANDARD = gnu99;
				GCC_DYNAMIC_NO_PIC = NO;
				GCC_NO_COMMON_BLOCKS = YES;
				GCC_OPTIMIZATION_LEVEL = 0;
				GCC_PREPROCESSOR_DEFINITIONS = (
					"DEBUG=1",
					"$(inherited)",
				);
				GCC_SYMBOLS_PRIVATE_EXTERN = NO;
				GCC_WARN_64_TO_32_BIT_CONVERSION = YES;
				GCC_WARN_ABOUT_RETURN_TYPE = YES_ERROR;
				GCC_WARN_UNDECLARED_SELECTOR = YES;
				GCC_WARN_UNINITIALIZED_AUTOS = YES_AGGRESSIVE;
				GCC_WARN_UNUSED_FUNCTION = YES;
				GCC_WARN_UNUSED_VARIABLE = YES;
				IPHONEOS_DEPLOYMENT_TARGET = 12.0;
				MTL_ENABLE_DEBUG_INFO = YES;
				ONLY_ACTIVE_ARCH = YES;
				SDKROOT = iphoneos;
				SWIFT_OPTIMIZATION_LEVEL = "-Onone";
			};
			name = Debug;
		};
		607FACEE1AFB9204008FA782 /* Release */ = {
			isa = XCBuildConfiguration;
			buildSettings = {
				ALWAYS_SEARCH_USER_PATHS = NO;
				CLANG_ANALYZER_LOCALIZABILITY_NONLOCALIZED = YES;
				CLANG_CXX_LANGUAGE_STANDARD = "gnu++0x";
				CLANG_CXX_LIBRARY = "libc++";
				CLANG_ENABLE_MODULES = YES;
				CLANG_ENABLE_OBJC_ARC = YES;
				CLANG_WARN_BLOCK_CAPTURE_AUTORELEASING = YES;
				CLANG_WARN_BOOL_CONVERSION = YES;
				CLANG_WARN_COMMA = YES;
				CLANG_WARN_CONSTANT_CONVERSION = YES;
				CLANG_WARN_DEPRECATED_OBJC_IMPLEMENTATIONS = YES;
				CLANG_WARN_DIRECT_OBJC_ISA_USAGE = YES_ERROR;
				CLANG_WARN_EMPTY_BODY = YES;
				CLANG_WARN_ENUM_CONVERSION = YES;
				CLANG_WARN_INFINITE_RECURSION = YES;
				CLANG_WARN_INT_CONVERSION = YES;
				CLANG_WARN_NON_LITERAL_NULL_CONVERSION = YES;
				CLANG_WARN_OBJC_IMPLICIT_RETAIN_SELF = YES;
				CLANG_WARN_OBJC_LITERAL_CONVERSION = YES;
				CLANG_WARN_OBJC_ROOT_CLASS = YES_ERROR;
				CLANG_WARN_QUOTED_INCLUDE_IN_FRAMEWORK_HEADER = YES;
				CLANG_WARN_RANGE_LOOP_ANALYSIS = YES;
				CLANG_WARN_STRICT_PROTOTYPES = YES;
				CLANG_WARN_SUSPICIOUS_MOVE = YES;
				CLANG_WARN_UNREACHABLE_CODE = YES;
				CLANG_WARN__DUPLICATE_METHOD_MATCH = YES;
				"CODE_SIGN_IDENTITY[sdk=iphoneos*]" = "iPhone Developer";
				COPY_PHASE_STRIP = NO;
				DEBUG_INFORMATION_FORMAT = "dwarf-with-dsym";
				ENABLE_NS_ASSERTIONS = NO;
				ENABLE_STRICT_OBJC_MSGSEND = YES;
				GCC_C_LANGUAGE_STANDARD = gnu99;
				GCC_NO_COMMON_BLOCKS = YES;
				GCC_WARN_64_TO_32_BIT_CONVERSION = YES;
				GCC_WARN_ABOUT_RETURN_TYPE = YES_ERROR;
				GCC_WARN_UNDECLARED_SELECTOR = YES;
				GCC_WARN_UNINITIALIZED_AUTOS = YES_AGGRESSIVE;
				GCC_WARN_UNUSED_FUNCTION = YES;
				GCC_WARN_UNUSED_VARIABLE = YES;
				IPHONEOS_DEPLOYMENT_TARGET = 12.0;
				MTL_ENABLE_DEBUG_INFO = NO;
				SDKROOT = iphoneos;
				SWIFT_OPTIMIZATION_LEVEL = "-Owholemodule";
				VALIDATE_PRODUCT = YES;
			};
			name = Release;
		};
		A3F5E11026BCB59C000BF21B /* Debug */ = {
			isa = XCBuildConfiguration;
			baseConfigurationReference = 56D807F2E8B30720AA597C1D /* Pods-ReNodeSample.debug.xcconfig */;
			buildSettings = {
				ASSETCATALOG_COMPILER_APPICON_NAME = AppIcon;
				ASSETCATALOG_COMPILER_GLOBAL_ACCENT_COLOR_NAME = AccentColor;
				CLANG_ANALYZER_NONNULL = YES;
				CLANG_ANALYZER_NUMBER_OBJECT_CONVERSION = YES_AGGRESSIVE;
				CLANG_CXX_LANGUAGE_STANDARD = "gnu++14";
				CLANG_ENABLE_OBJC_WEAK = YES;
				CLANG_WARN_DOCUMENTATION_COMMENTS = YES;
				CLANG_WARN_UNGUARDED_AVAILABILITY = YES_AGGRESSIVE;
				CODE_SIGN_STYLE = Automatic;
				DEBUG_INFORMATION_FORMAT = dwarf;
				DEVELOPMENT_TEAM = Z8X575A8A3;
				GCC_C_LANGUAGE_STANDARD = gnu11;
				INFOPLIST_FILE = ReNodeSample/Info.plist;
				IPHONEOS_DEPLOYMENT_TARGET = 14.5;
				LD_RUNPATH_SEARCH_PATHS = "$(inherited) @executable_path/Frameworks";
				MTL_ENABLE_DEBUG_INFO = INCLUDE_SOURCE;
				MTL_FAST_MATH = YES;
				PRODUCT_BUNDLE_IDENTIFIER = com.moribaleta.renode.ReNodeSample;
				PRODUCT_NAME = "$(TARGET_NAME)";
				SWIFT_ACTIVE_COMPILATION_CONDITIONS = DEBUG;
				SWIFT_VERSION = 5.0;
				TARGETED_DEVICE_FAMILY = "1,2";
			};
			name = Debug;
		};
		A3F5E11126BCB59C000BF21B /* Release */ = {
			isa = XCBuildConfiguration;
			baseConfigurationReference = 7515456091E325E8069875CF /* Pods-ReNodeSample.release.xcconfig */;
			buildSettings = {
				ASSETCATALOG_COMPILER_APPICON_NAME = AppIcon;
				ASSETCATALOG_COMPILER_GLOBAL_ACCENT_COLOR_NAME = AccentColor;
				CLANG_ANALYZER_NONNULL = YES;
				CLANG_ANALYZER_NUMBER_OBJECT_CONVERSION = YES_AGGRESSIVE;
				CLANG_CXX_LANGUAGE_STANDARD = "gnu++14";
				CLANG_ENABLE_OBJC_WEAK = YES;
				CLANG_WARN_DOCUMENTATION_COMMENTS = YES;
				CLANG_WARN_UNGUARDED_AVAILABILITY = YES_AGGRESSIVE;
				CODE_SIGN_STYLE = Automatic;
				DEVELOPMENT_TEAM = Z8X575A8A3;
				GCC_C_LANGUAGE_STANDARD = gnu11;
				INFOPLIST_FILE = ReNodeSample/Info.plist;
				IPHONEOS_DEPLOYMENT_TARGET = 14.5;
				LD_RUNPATH_SEARCH_PATHS = "$(inherited) @executable_path/Frameworks";
				MTL_FAST_MATH = YES;
				PRODUCT_BUNDLE_IDENTIFIER = com.moribaleta.renode.ReNodeSample;
				PRODUCT_NAME = "$(TARGET_NAME)";
				SWIFT_VERSION = 5.0;
				TARGETED_DEVICE_FAMILY = "1,2";
			};
			name = Release;
		};
/* End XCBuildConfiguration section */

/* Begin XCConfigurationList section */
		607FACCB1AFB9204008FA782 /* Build configuration list for PBXProject "ReNode" */ = {
			isa = XCConfigurationList;
			buildConfigurations = (
				607FACED1AFB9204008FA782 /* Debug */,
				607FACEE1AFB9204008FA782 /* Release */,
			);
			defaultConfigurationIsVisible = 0;
			defaultConfigurationName = Release;
		};
		A3F5E10F26BCB59C000BF21B /* Build configuration list for PBXNativeTarget "ReNodeSample" */ = {
			isa = XCConfigurationList;
			buildConfigurations = (
				A3F5E11026BCB59C000BF21B /* Debug */,
				A3F5E11126BCB59C000BF21B /* Release */,
			);
			defaultConfigurationIsVisible = 0;
			defaultConfigurationName = Release;
		};
/* End XCConfigurationList section */

/* Begin XCVersionGroup section */
		A3F5E10626BCB59B000BF21B /* ReNodeSample.xcdatamodeld */ = {
			isa = XCVersionGroup;
			children = (
				A3F5E10726BCB59B000BF21B /* ReNodeSample.xcdatamodel */,
			);
			currentVersion = A3F5E10726BCB59B000BF21B /* ReNodeSample.xcdatamodel */;
			path = ReNodeSample.xcdatamodeld;
			sourceTree = "<group>";
			versionGroupType = wrapper.xcdatamodel;
		};
/* End XCVersionGroup section */
	};
	rootObject = 607FACC81AFB9204008FA782 /* Project object */;
}
